// !$*UTF8*$!
{
	archiveVersion = 1;
	classes = {
	};
	objectVersion = 77;
	objects = {

/* Begin PBXBuildFile section */
		0A669ED02F1143BC00A14B30 /* README.md in Resources */ = {isa = PBXBuildFile; fileRef = 0A669ECF2F1143B700A14B30 /* README.md */; };
/* End PBXBuildFile section */

/* Begin PBXContainerItemProxy section */
		0A6B08A72E96A3C2001DC243 /* PBXContainerItemProxy */ = {
			isa = PBXContainerItemProxy;
			containerPortal = 0A6B08912E96A3C0001DC243 /* Project object */;
			proxyType = 1;
			remoteGlobalIDString = 0A6B08982E96A3C0001DC243;
			remoteInfo = MyPortfolio;
		};
		0A6B08B12E96A3C2001DC243 /* PBXContainerItemProxy */ = {
			isa = PBXContainerItemProxy;
			containerPortal = 0A6B08912E96A3C0001DC243 /* Project object */;
			proxyType = 1;
			remoteGlobalIDString = 0A6B08982E96A3C0001DC243;
			remoteInfo = MyPortfolio;
		};
/* End PBXContainerItemProxy section */

/* Begin PBXFileReference section */
		0A669ECF2F1143B700A14B30 /* README.md */ = {isa = PBXFileReference; lastKnownFileType = net.daringfireball.markdown; path = README.md; sourceTree = "<group>"; };
		0A6B08992E96A3C0001DC243 /* MyPortfolio.app */ = {isa = PBXFileReference; explicitFileType = wrapper.application; includeInIndex = 0; path = MyPortfolio.app; sourceTree = BUILT_PRODUCTS_DIR; };
		0A6B08A62E96A3C2001DC243 /* MyPortfolioTests.xctest */ = {isa = PBXFileReference; explicitFileType = wrapper.cfbundle; includeInIndex = 0; path = MyPortfolioTests.xctest; sourceTree = BUILT_PRODUCTS_DIR; };
		0A6B08B02E96A3C2001DC243 /* MyPortfolioUITests.xctest */ = {isa = PBXFileReference; explicitFileType = wrapper.cfbundle; includeInIndex = 0; path = MyPortfolioUITests.xctest; sourceTree = BUILT_PRODUCTS_DIR; };
/* End PBXFileReference section */

/* Begin PBXFileSystemSynchronizedBuildFileExceptionSet section */
		0A0992E22EF42C8400034B50 /* Exceptions for "MyPortfolio" folder in "MyPortfolioTests" target */ = {
			isa = PBXFileSystemSynchronizedBuildFileExceptionSet;
			membershipExceptions = (
				Data/CoreData/PersistenceController.swift,
				Data/CoreData/PortfolioApp.xcdatamodeld,
			);
			target = 0A6B08A52E96A3C2001DC243 /* MyPortfolioTests */;
		};
		0A0992E32EF42C8400034B50 /* Exceptions for "MyPortfolio" folder in "MyPortfolioUITests" target */ = {
			isa = PBXFileSystemSynchronizedBuildFileExceptionSet;
			membershipExceptions = (
				Data/CoreData/PersistenceController.swift,
				Data/CoreData/PortfolioApp.xcdatamodeld,
			);
			target = 0A6B08AF2E96A3C2001DC243 /* MyPortfolioUITests */;
		};
/* End PBXFileSystemSynchronizedBuildFileExceptionSet section */

/* Begin PBXFileSystemSynchronizedRootGroup section */
		0A6B089B2E96A3C0001DC243 /* MyPortfolio */ = {
			isa = PBXFileSystemSynchronizedRootGroup;
			exceptions = (
				0A0992E22EF42C8400034B50 /* Exceptions for "MyPortfolio" folder in "MyPortfolioTests" target */,
				0A0992E32EF42C8400034B50 /* Exceptions for "MyPortfolio" folder in "MyPortfolioUITests" target */,
			);
			path = MyPortfolio;
			sourceTree = "<group>";
		};
		0A6B08A92E96A3C2001DC243 /* MyPortfolioTests */ = {
			isa = PBXFileSystemSynchronizedRootGroup;
			path = MyPortfolioTests;
			sourceTree = "<group>";
		};
		0A6B08B32E96A3C2001DC243 /* MyPortfolioUITests */ = {
			isa = PBXFileSystemSynchronizedRootGroup;
			path = MyPortfolioUITests;
			sourceTree = "<group>";
		};
/* End PBXFileSystemSynchronizedRootGroup section */

/* Begin PBXFrameworksBuildPhase section */
		0A6B08962E96A3C0001DC243 /* Frameworks */ = {
			isa = PBXFrameworksBuildPhase;
			buildActionMask = 2147483647;
			files = (
			);
			runOnlyForDeploymentPostprocessing = 0;
		};
		0A6B08A32E96A3C2001DC243 /* Frameworks */ = {
			isa = PBXFrameworksBuildPhase;
			buildActionMask = 2147483647;
			files = (
			);
			runOnlyForDeploymentPostprocessing = 0;
		};
		0A6B08AD2E96A3C2001DC243 /* Frameworks */ = {
			isa = PBXFrameworksBuildPhase;
			buildActionMask = 2147483647;
			files = (
			);
			runOnlyForDeploymentPostprocessing = 0;
		};
/* End PBXFrameworksBuildPhase section */

/* Begin PBXGroup section */
		0A6B08902E96A3C0001DC243 = {
			isa = PBXGroup;
			children = (
				0A669ECF2F1143B700A14B30 /* README.md */,
				0A6B089B2E96A3C0001DC243 /* MyPortfolio */,
				0A6B08A92E96A3C2001DC243 /* MyPortfolioTests */,
				0A6B08B32E96A3C2001DC243 /* MyPortfolioUITests */,
				0A6B089A2E96A3C0001DC243 /* Products */,
			);
			sourceTree = "<group>";
		};
		0A6B089A2E96A3C0001DC243 /* Products */ = {
			isa = PBXGroup;
			children = (
				0A6B08992E96A3C0001DC243 /* MyPortfolio.app */,
				0A6B08A62E96A3C2001DC243 /* MyPortfolioTests.xctest */,
				0A6B08B02E96A3C2001DC243 /* MyPortfolioUITests.xctest */,
			);
			name = Products;
			sourceTree = "<group>";
		};
/* End PBXGroup section */

/* Begin PBXNativeTarget section */
		0A6B08982E96A3C0001DC243 /* MyPortfolio */ = {
			isa = PBXNativeTarget;
			buildConfigurationList = 0A6B08BA2E96A3C2001DC243 /* Build configuration list for PBXNativeTarget "MyPortfolio" */;
			buildPhases = (
				0A6B08952E96A3C0001DC243 /* Sources */,
				0A6B08962E96A3C0001DC243 /* Frameworks */,
				0A6B08972E96A3C0001DC243 /* Resources */,
			);
			buildRules = (
			);
			dependencies = (
			);
			fileSystemSynchronizedGroups = (
				0A6B089B2E96A3C0001DC243 /* MyPortfolio */,
			);
			name = MyPortfolio;
			packageProductDependencies = (
			);
			productName = MyPortfolio;
			productReference = 0A6B08992E96A3C0001DC243 /* MyPortfolio.app */;
			productType = "com.apple.product-type.application";
		};
		0A6B08A52E96A3C2001DC243 /* MyPortfolioTests */ = {
			isa = PBXNativeTarget;
			buildConfigurationList = 0A6B08BD2E96A3C2001DC243 /* Build configuration list for PBXNativeTarget "MyPortfolioTests" */;
			buildPhases = (
				0A6B08A22E96A3C2001DC243 /* Sources */,
				0A6B08A32E96A3C2001DC243 /* Frameworks */,
				0A6B08A42E96A3C2001DC243 /* Resources */,
			);
			buildRules = (
			);
			dependencies = (
				0A6B08A82E96A3C2001DC243 /* PBXTargetDependency */,
			);
			fileSystemSynchronizedGroups = (
				0A6B08A92E96A3C2001DC243 /* MyPortfolioTests */,
			);
			name = MyPortfolioTests;
			packageProductDependencies = (
			);
			productName = MyPortfolioTests;
			productReference = 0A6B08A62E96A3C2001DC243 /* MyPortfolioTests.xctest */;
			productType = "com.apple.product-type.bundle.unit-test";
		};
		0A6B08AF2E96A3C2001DC243 /* MyPortfolioUITests */ = {
			isa = PBXNativeTarget;
			buildConfigurationList = 0A6B08C02E96A3C2001DC243 /* Build configuration list for PBXNativeTarget "MyPortfolioUITests" */;
			buildPhases = (
				0A6B08AC2E96A3C2001DC243 /* Sources */,
				0A6B08AD2E96A3C2001DC243 /* Frameworks */,
				0A6B08AE2E96A3C2001DC243 /* Resources */,
			);
			buildRules = (
			);
			dependencies = (
				0A6B08B22E96A3C2001DC243 /* PBXTargetDependency */,
			);
			fileSystemSynchronizedGroups = (
				0A6B08B32E96A3C2001DC243 /* MyPortfolioUITests */,
			);
			name = MyPortfolioUITests;
			packageProductDependencies = (
			);
			productName = MyPortfolioUITests;
			productReference = 0A6B08B02E96A3C2001DC243 /* MyPortfolioUITests.xctest */;
			productType = "com.apple.product-type.bundle.ui-testing";
		};
/* End PBXNativeTarget section */

/* Begin PBXProject section */
		0A6B08912E96A3C0001DC243 /* Project object */ = {
			isa = PBXProject;
			attributes = {
				BuildIndependentTargetsInParallel = 1;
				LastSwiftUpdateCheck = 1640;
				LastUpgradeCheck = 1640;
				TargetAttributes = {
					0A6B08982E96A3C0001DC243 = {
						CreatedOnToolsVersion = 16.4;
					};
					0A6B08A52E96A3C2001DC243 = {
						CreatedOnToolsVersion = 16.4;
						TestTargetID = 0A6B08982E96A3C0001DC243;
					};
					0A6B08AF2E96A3C2001DC243 = {
						CreatedOnToolsVersion = 16.4;
						TestTargetID = 0A6B08982E96A3C0001DC243;
					};
				};
			};
			buildConfigurationList = 0A6B08942E96A3C0001DC243 /* Build configuration list for PBXProject "MyPortfolio" */;
			developmentRegion = en;
			hasScannedForEncodings = 0;
			knownRegions = (
				en,
				Base,
			);
			mainGroup = 0A6B08902E96A3C0001DC243;
			minimizedProjectReferenceProxies = 1;
			preferredProjectObjectVersion = 77;
			productRefGroup = 0A6B089A2E96A3C0001DC243 /* Products */;
			projectDirPath = "";
			projectRoot = "";
			targets = (
				0A6B08982E96A3C0001DC243 /* MyPortfolio */,
				0A6B08A52E96A3C2001DC243 /* MyPortfolioTests */,
				0A6B08AF2E96A3C2001DC243 /* MyPortfolioUITests */,
			);
		};
/* End PBXProject section */

/* Begin PBXResourcesBuildPhase section */
		0A6B08972E96A3C0001DC243 /* Resources */ = {
			isa = PBXResourcesBuildPhase;
			buildActionMask = 2147483647;
			files = (
				0A669ED02F1143BC00A14B30 /* README.md in Resources */,
			);
			runOnlyForDeploymentPostprocessing = 0;
		};
		0A6B08A42E96A3C2001DC243 /* Resources */ = {
			isa = PBXResourcesBuildPhase;
			buildActionMask = 2147483647;
			files = (
			);
			runOnlyForDeploymentPostprocessing = 0;
		};
		0A6B08AE2E96A3C2001DC243 /* Resources */ = {
			isa = PBXResourcesBuildPhase;
			buildActionMask = 2147483647;
			files = (
			);
			runOnlyForDeploymentPostprocessing = 0;
		};
/* End PBXResourcesBuildPhase section */

/* Begin PBXSourcesBuildPhase section */
		0A6B08952E96A3C0001DC243 /* Sources */ = {
			isa = PBXSourcesBuildPhase;
			buildActionMask = 2147483647;
			files = (
			);
			runOnlyForDeploymentPostprocessing = 0;
		};
		0A6B08A22E96A3C2001DC243 /* Sources */ = {
			isa = PBXSourcesBuildPhase;
			buildActionMask = 2147483647;
			files = (
			);
			runOnlyForDeploymentPostprocessing = 0;
		};
		0A6B08AC2E96A3C2001DC243 /* Sources */ = {
			isa = PBXSourcesBuildPhase;
			buildActionMask = 2147483647;
			files = (
			);
			runOnlyForDeploymentPostprocessing = 0;
		};
/* End PBXSourcesBuildPhase section */

/* Begin PBXTargetDependency section */
		0A6B08A82E96A3C2001DC243 /* PBXTargetDependency */ = {
			isa = PBXTargetDependency;
			target = 0A6B08982E96A3C0001DC243 /* MyPortfolio */;
			targetProxy = 0A6B08A72E96A3C2001DC243 /* PBXContainerItemProxy */;
		};
		0A6B08B22E96A3C2001DC243 /* PBXTargetDependency */ = {
			isa = PBXTargetDependency;
			target = 0A6B08982E96A3C0001DC243 /* MyPortfolio */;
			targetProxy = 0A6B08B12E96A3C2001DC243 /* PBXContainerItemProxy */;
		};
/* End PBXTargetDependency section */

/* Begin XCBuildConfiguration section */
		0A6B08B82E96A3C2001DC243 /* Debug */ = {
			isa = XCBuildConfiguration;
			buildSettings = {
				ALWAYS_SEARCH_USER_PATHS = NO;
				ASSETCATALOG_COMPILER_GENERATE_SWIFT_ASSET_SYMBOL_EXTENSIONS = YES;
				CLANG_ANALYZER_NONNULL = YES;
				CLANG_ANALYZER_NUMBER_OBJECT_CONVERSION = YES_AGGRESSIVE;
				CLANG_CXX_LANGUAGE_STANDARD = "gnu++20";
				CLANG_ENABLE_MODULES = YES;
				CLANG_ENABLE_OBJC_ARC = YES;
				CLANG_ENABLE_OBJC_WEAK = YES;
				CLANG_WARN_BLOCK_CAPTURE_AUTORELEASING = YES;
				CLANG_WARN_BOOL_CONVERSION = YES;
				CLANG_WARN_COMMA = YES;
				CLANG_WARN_CONSTANT_CONVERSION = YES;
				CLANG_WARN_DEPRECATED_OBJC_IMPLEMENTATIONS = YES;
				CLANG_WARN_DIRECT_OBJC_ISA_USAGE = YES_ERROR;
				CLANG_WARN_DOCUMENTATION_COMMENTS = YES;
				CLANG_WARN_EMPTY_BODY = YES;
				CLANG_WARN_ENUM_CONVERSION = YES;
				CLANG_WARN_INFINITE_RECURSION = YES;
				CLANG_WARN_INT_CONVERSION = YES;
				CLANG_WARN_NON_LITERAL_NULL_CONVERSION = YES;
				CLANG_WARN_OBJC_IMPLICIT_RETAIN_SELF = YES;
				CLANG_WARN_OBJC_LITERAL_CONVERSION = YES;
				CLANG_WARN_OBJC_ROOT_CLASS = YES_ERROR;
				CLANG_WARN_QUOTED_INCLUDE_IN_FRAMEWORK_HEADER = YES;
				CLANG_WARN_RANGE_LOOP_ANALYSIS = YES;
				CLANG_WARN_STRICT_PROTOTYPES = YES;
				CLANG_WARN_SUSPICIOUS_MOVE = YES;
				CLANG_WARN_UNGUARDED_AVAILABILITY = YES_AGGRESSIVE;
				CLANG_WARN_UNREACHABLE_CODE = YES;
				CLANG_WARN__DUPLICATE_METHOD_MATCH = YES;
				COPY_PHASE_STRIP = NO;
				DEBUG_INFORMATION_FORMAT = dwarf;
				ENABLE_STRICT_OBJC_MSGSEND = YES;
				ENABLE_TESTABILITY = YES;
				ENABLE_USER_SCRIPT_SANDBOXING = YES;
				GCC_C_LANGUAGE_STANDARD = gnu17;
				GCC_DYNAMIC_NO_PIC = NO;
				GCC_NO_COMMON_BLOCKS = YES;
				GCC_OPTIMIZATION_LEVEL = 0;
				GCC_PREPROCESSOR_DEFINITIONS = (
					"DEBUG=1",
					"$(inherited)",
				);
				GCC_WARN_64_TO_32_BIT_CONVERSION = YES;
				GCC_WARN_ABOUT_RETURN_TYPE = YES_ERROR;
				GCC_WARN_UNDECLARED_SELECTOR = YES;
				GCC_WARN_UNINITIALIZED_AUTOS = YES_AGGRESSIVE;
				GCC_WARN_UNUSED_FUNCTION = YES;
				GCC_WARN_UNUSED_VARIABLE = YES;
				IPHONEOS_DEPLOYMENT_TARGET = 18.5;
				LOCALIZATION_PREFERS_STRING_CATALOGS = YES;
				MTL_ENABLE_DEBUG_INFO = INCLUDE_SOURCE;
				MTL_FAST_MATH = YES;
				ONLY_ACTIVE_ARCH = YES;
				SDKROOT = iphoneos;
				SWIFT_ACTIVE_COMPILATION_CONDITIONS = "DEBUG $(inherited)";
				SWIFT_OPTIMIZATION_LEVEL = "-Onone";
			};
			name = Debug;
		};
		0A6B08B92E96A3C2001DC243 /* Release */ = {
			isa = XCBuildConfiguration;
			buildSettings = {
				ALWAYS_SEARCH_USER_PATHS = NO;
				ASSETCATALOG_COMPILER_GENERATE_SWIFT_ASSET_SYMBOL_EXTENSIONS = YES;
				CLANG_ANALYZER_NONNULL = YES;
				CLANG_ANALYZER_NUMBER_OBJECT_CONVERSION = YES_AGGRESSIVE;
				CLANG_CXX_LANGUAGE_STANDARD = "gnu++20";
				CLANG_ENABLE_MODULES = YES;
				CLANG_ENABLE_OBJC_ARC = YES;
				CLANG_ENABLE_OBJC_WEAK = YES;
				CLANG_WARN_BLOCK_CAPTURE_AUTORELEASING = YES;
				CLANG_WARN_BOOL_CONVERSION = YES;
				CLANG_WARN_COMMA = YES;
				CLANG_WARN_CONSTANT_CONVERSION = YES;
				CLANG_WARN_DEPRECATED_OBJC_IMPLEMENTATIONS = YES;
				CLANG_WARN_DIRECT_OBJC_ISA_USAGE = YES_ERROR;
				CLANG_WARN_DOCUMENTATION_COMMENTS = YES;
				CLANG_WARN_EMPTY_BODY = YES;
				CLANG_WARN_ENUM_CONVERSION = YES;
				CLANG_WARN_INFINITE_RECURSION = YES;
				CLANG_WARN_INT_CONVERSION = YES;
				CLANG_WARN_NON_LITERAL_NULL_CONVERSION = YES;
				CLANG_WARN_OBJC_IMPLICIT_RETAIN_SELF = YES;
				CLANG_WARN_OBJC_LITERAL_CONVERSION = YES;
				CLANG_WARN_OBJC_ROOT_CLASS = YES_ERROR;
				CLANG_WARN_QUOTED_INCLUDE_IN_FRAMEWORK_HEADER = YES;
				CLANG_WARN_RANGE_LOOP_ANALYSIS = YES;
				CLANG_WARN_STRICT_PROTOTYPES = YES;
				CLANG_WARN_SUSPICIOUS_MOVE = YES;
				CLANG_WARN_UNGUARDED_AVAILABILITY = YES_AGGRESSIVE;
				CLANG_WARN_UNREACHABLE_CODE = YES;
				CLANG_WARN__DUPLICATE_METHOD_MATCH = YES;
				COPY_PHASE_STRIP = NO;
				DEBUG_INFORMATION_FORMAT = "dwarf-with-dsym";
				ENABLE_NS_ASSERTIONS = NO;
				ENABLE_STRICT_OBJC_MSGSEND = YES;
				ENABLE_USER_SCRIPT_SANDBOXING = YES;
				GCC_C_LANGUAGE_STANDARD = gnu17;
				GCC_NO_COMMON_BLOCKS = YES;
				GCC_WARN_64_TO_32_BIT_CONVERSION = YES;
				GCC_WARN_ABOUT_RETURN_TYPE = YES_ERROR;
				GCC_WARN_UNDECLARED_SELECTOR = YES;
				GCC_WARN_UNINITIALIZED_AUTOS = YES_AGGRESSIVE;
				GCC_WARN_UNUSED_FUNCTION = YES;
				GCC_WARN_UNUSED_VARIABLE = YES;
				IPHONEOS_DEPLOYMENT_TARGET = 18.5;
				LOCALIZATION_PREFERS_STRING_CATALOGS = YES;
				MTL_ENABLE_DEBUG_INFO = NO;
				MTL_FAST_MATH = YES;
				SDKROOT = iphoneos;
				SWIFT_COMPILATION_MODE = wholemodule;
				VALIDATE_PRODUCT = YES;
			};
			name = Release;
		};
		0A6B08BB2E96A3C2001DC243 /* Debug */ = {
			isa = XCBuildConfiguration;
			buildSettings = {
				ASSETCATALOG_COMPILER_APPICON_NAME = AppIcon;
				ASSETCATALOG_COMPILER_GLOBAL_ACCENT_COLOR_NAME = AccentColor;
				CODE_SIGN_STYLE = Automatic;
				CURRENT_PROJECT_VERSION = 1;
				ENABLE_PREVIEWS = YES;
				GENERATE_INFOPLIST_FILE = YES;
				INFOPLIST_KEY_UIApplicationSceneManifest_Generation = YES;
				INFOPLIST_KEY_UIApplicationSupportsIndirectInputEvents = YES;
				INFOPLIST_KEY_UILaunchScreen_Generation = YES;
				INFOPLIST_KEY_UISupportedInterfaceOrientations_iPad = "UIInterfaceOrientationPortrait UIInterfaceOrientationPortraitUpsideDown UIInterfaceOrientationLandscapeLeft UIInterfaceOrientationLandscapeRight";
				INFOPLIST_KEY_UISupportedInterfaceOrientations_iPhone = "UIInterfaceOrientationPortrait UIInterfaceOrientationLandscapeLeft UIInterfaceOrientationLandscapeRight";
				LD_RUNPATH_SEARCH_PATHS = (
					"$(inherited)",
					"@executable_path/Frameworks",
				);
				MARKETING_VERSION = 1.0;
				PRODUCT_BUNDLE_IDENTIFIER = com.radhikarathi.MyPortfolio;
				PRODUCT_NAME = "$(TARGET_NAME)";
				SWIFT_EMIT_LOC_STRINGS = YES;
				SWIFT_VERSION = 5.0;
				TARGETED_DEVICE_FAMILY = "1,2";
			};
			name = Debug;
		};
		0A6B08BC2E96A3C2001DC243 /* Release */ = {
			isa = XCBuildConfiguration;
			buildSettings = {
				ASSETCATALOG_COMPILER_APPICON_NAME = AppIcon;
				ASSETCATALOG_COMPILER_GLOBAL_ACCENT_COLOR_NAME = AccentColor;
				CODE_SIGN_STYLE = Automatic;
				CURRENT_PROJECT_VERSION = 1;
				ENABLE_PREVIEWS = YES;
				GENERATE_INFOPLIST_FILE = YES;
				INFOPLIST_KEY_UIApplicationSceneManifest_Generation = YES;
				INFOPLIST_KEY_UIApplicationSupportsIndirectInputEvents = YES;
				INFOPLIST_KEY_UILaunchScreen_Generation = YES;
				INFOPLIST_KEY_UISupportedInterfaceOrientations_iPad = "UIInterfaceOrientationPortrait UIInterfaceOrientationPortraitUpsideDown UIInterfaceOrientationLandscapeLeft UIInterfaceOrientationLandscapeRight";
				INFOPLIST_KEY_UISupportedInterfaceOrientations_iPhone = "UIInterfaceOrientationPortrait UIInterfaceOrientationLandscapeLeft UIInterfaceOrientationLandscapeRight";
				LD_RUNPATH_SEARCH_PATHS = (
					"$(inherited)",
					"@executable_path/Frameworks",
				);
				MARKETING_VERSION = 1.0;
				PRODUCT_BUNDLE_IDENTIFIER = com.radhikarathi.MyPortfolio;
				PRODUCT_NAME = "$(TARGET_NAME)";
				SWIFT_EMIT_LOC_STRINGS = YES;
				SWIFT_VERSION = 5.0;
				TARGETED_DEVICE_FAMILY = "1,2";
			};
			name = Release;
		};
		0A6B08BE2E96A3C2001DC243 /* Debug */ = {
			isa = XCBuildConfiguration;
			buildSettings = {
				BUNDLE_LOADER = "$(TEST_HOST)";
				CODE_SIGN_STYLE = Automatic;
				CURRENT_PROJECT_VERSION = 1;
				GENERATE_INFOPLIST_FILE = YES;
				IPHONEOS_DEPLOYMENT_TARGET = 18.5;
				MARKETING_VERSION = 1.0;
				PRODUCT_BUNDLE_IDENTIFIER = com.radhikarathi.MyPortfolioTests;
				PRODUCT_NAME = "$(TARGET_NAME)";
				SWIFT_EMIT_LOC_STRINGS = NO;
				SWIFT_VERSION = 5.0;
				TARGETED_DEVICE_FAMILY = "1,2";
				TEST_HOST = "$(BUILT_PRODUCTS_DIR)/MyPortfolio.app/$(BUNDLE_EXECUTABLE_FOLDER_PATH)/MyPortfolio";
			};
			name = Debug;
		};
		0A6B08BF2E96A3C2001DC243 /* Release */ = {
			isa = XCBuildConfiguration;
			buildSettings = {
				BUNDLE_LOADER = "$(TEST_HOST)";
				CODE_SIGN_STYLE = Automatic;
				CURRENT_PROJECT_VERSION = 1;
				GENERATE_INFOPLIST_FILE = YES;
				IPHONEOS_DEPLOYMENT_TARGET = 18.5;
				MARKETING_VERSION = 1.0;
				PRODUCT_BUNDLE_IDENTIFIER = com.radhikarathi.MyPortfolioTests;
				PRODUCT_NAME = "$(TARGET_NAME)";
				SWIFT_EMIT_LOC_STRINGS = NO;
				SWIFT_VERSION = 5.0;
				TARGETED_DEVICE_FAMILY = "1,2";
				TEST_HOST = "$(BUILT_PRODUCTS_DIR)/MyPortfolio.app/$(BUNDLE_EXECUTABLE_FOLDER_PATH)/MyPortfolio";
			};
			name = Release;
		};
		0A6B08C12E96A3C2001DC243 /* Debug */ = {
			isa = XCBuildConfiguration;
			buildSettings = {
				CODE_SIGN_STYLE = Automatic;
				CURRENT_PROJECT_VERSION = 1;
				GENERATE_INFOPLIST_FILE = YES;
				MARKETING_VERSION = 1.0;
				PRODUCT_BUNDLE_IDENTIFIER = com.radhikarathi.MyPortfolioUITests;
				PRODUCT_NAME = "$(TARGET_NAME)";
				SWIFT_EMIT_LOC_STRINGS = NO;
				SWIFT_VERSION = 5.0;
				TARGETED_DEVICE_FAMILY = "1,2";
				TEST_TARGET_NAME = MyPortfolio;
			};
			name = Debug;
		};
		0A6B08C22E96A3C2001DC243 /* Release */ = {
			isa = XCBuildConfiguration;
			buildSettings = {
				CODE_SIGN_STYLE = Automatic;
				CURRENT_PROJECT_VERSION = 1;
				GENERATE_INFOPLIST_FILE = YES;
				MARKETING_VERSION = 1.0;
				PRODUCT_BUNDLE_IDENTIFIER = com.radhikarathi.MyPortfolioUITests;
				PRODUCT_NAME = "$(TARGET_NAME)";
				SWIFT_EMIT_LOC_STRINGS = NO;
				SWIFT_VERSION = 5.0;
				TARGETED_DEVICE_FAMILY = "1,2";
				TEST_TARGET_NAME = MyPortfolio;
			};
			name = Release;
		};
/* End XCBuildConfiguration section */

/* Begin XCConfigurationList section */
		0A6B08942E96A3C0001DC243 /* Build configuration list for PBXProject "MyPortfolio" */ = {
			isa = XCConfigurationList;
			buildConfigurations = (
				0A6B08B82E96A3C2001DC243 /* Debug */,
				0A6B08B92E96A3C2001DC243 /* Release */,
			);
			defaultConfigurationIsVisible = 0;
			defaultConfigurationName = Release;
		};
		0A6B08BA2E96A3C2001DC243 /* Build configuration list for PBXNativeTarget "MyPortfolio" */ = {
			isa = XCConfigurationList;
			buildConfigurations = (
				0A6B08BB2E96A3C2001DC243 /* Debug */,
				0A6B08BC2E96A3C2001DC243 /* Release */,
			);
			defaultConfigurationIsVisible = 0;
			defaultConfigurationName = Release;
		};
		0A6B08BD2E96A3C2001DC243 /* Build configuration list for PBXNativeTarget "MyPortfolioTests" */ = {
			isa = XCConfigurationList;
			buildConfigurations = (
				0A6B08BE2E96A3C2001DC243 /* Debug */,
				0A6B08BF2E96A3C2001DC243 /* Release */,
			);
			defaultConfigurationIsVisible = 0;
			defaultConfigurationName = Release;
		};
		0A6B08C02E96A3C2001DC243 /* Build configuration list for PBXNativeTarget "MyPortfolioUITests" */ = {
			isa = XCConfigurationList;
			buildConfigurations = (
				0A6B08C12E96A3C2001DC243 /* Debug */,
				0A6B08C22E96A3C2001DC243 /* Release */,
			);
			defaultConfigurationIsVisible = 0;
			defaultConfigurationName = Release;
		};
/* End XCConfigurationList section */
	};
	rootObject = 0A6B08912E96A3C0001DC243 /* Project object */;
}
